// !$*UTF8*$!
{
	archiveVersion = 1;
	classes = {
	};
	objectVersion = 46;
	objects = {

/* Begin PBXBuildFile section */
		6A1A4F11161DB918008D69BF /* UIKit.framework in Frameworks */ = {isa = PBXBuildFile; fileRef = 6A1A4F10161DB917008D69BF /* UIKit.framework */; };
		6A1A4F13161DB918008D69BF /* Foundation.framework in Frameworks */ = {isa = PBXBuildFile; fileRef = 6A1A4F12161DB918008D69BF /* Foundation.framework */; };
		6A1A4F15161DB918008D69BF /* CoreGraphics.framework in Frameworks */ = {isa = PBXBuildFile; fileRef = 6A1A4F14161DB918008D69BF /* CoreGraphics.framework */; };
		6A1A4F1B161DB918008D69BF /* InfoPlist.strings in Resources */ = {isa = PBXBuildFile; fileRef = 6A1A4F19161DB918008D69BF /* InfoPlist.strings */; };
		6A1A4F1D161DB918008D69BF /* main.m in Sources */ = {isa = PBXBuildFile; fileRef = 6A1A4F1C161DB918008D69BF /* main.m */; };
		6A1A4F21161DB918008D69BF /* AppDelegate.m in Sources */ = {isa = PBXBuildFile; fileRef = 6A1A4F20161DB918008D69BF /* AppDelegate.m */; };
		6A1A4F24161DB918008D69BF /* MainStoryboard.storyboard in Resources */ = {isa = PBXBuildFile; fileRef = 6A1A4F22161DB918008D69BF /* MainStoryboard.storyboard */; };
		6A1A4F27161DB918008D69BF /* ViewController.m in Sources */ = {isa = PBXBuildFile; fileRef = 6A1A4F26161DB918008D69BF /* ViewController.m */; };
		6A1A4F2F161DB918008D69BF /* SenTestingKit.framework in Frameworks */ = {isa = PBXBuildFile; fileRef = 6A1A4F2E161DB918008D69BF /* SenTestingKit.framework */; };
		6A1A4F30161DB918008D69BF /* UIKit.framework in Frameworks */ = {isa = PBXBuildFile; fileRef = 6A1A4F10161DB917008D69BF /* UIKit.framework */; };
		6A1A4F31161DB918008D69BF /* Foundation.framework in Frameworks */ = {isa = PBXBuildFile; fileRef = 6A1A4F12161DB918008D69BF /* Foundation.framework */; };
		6A1A4F39161DB918008D69BF /* InfoPlist.strings in Resources */ = {isa = PBXBuildFile; fileRef = 6A1A4F37161DB918008D69BF /* InfoPlist.strings */; };
		6A1A4F3C161DB918008D69BF /* BancoDadosTests.m in Sources */ = {isa = PBXBuildFile; fileRef = 6A1A4F3B161DB918008D69BF /* BancoDadosTests.m */; };
		6A1A4F48161DB94D008D69BF /* DatabaseHandler.m in Sources */ = {isa = PBXBuildFile; fileRef = 6A1A4F46161DB94D008D69BF /* DatabaseHandler.m */; };
		6A1A4F49161DB94D008D69BF /* start in Resources */ = {isa = PBXBuildFile; fileRef = 6A1A4F47161DB94D008D69BF /* start */; };
		6A1A4F4B161DBB5D008D69BF /* libsqlite3.dylib in Frameworks */ = {isa = PBXBuildFile; fileRef = 6A1A4F4A161DBB5D008D69BF /* libsqlite3.dylib */; };
/* End PBXBuildFile section */

/* Begin PBXContainerItemProxy section */
		6A1A4F32161DB918008D69BF /* PBXContainerItemProxy */ = {
			isa = PBXContainerItemProxy;
			containerPortal = 6A1A4F03161DB917008D69BF /* Project object */;
			proxyType = 1;
			remoteGlobalIDString = 6A1A4F0B161DB917008D69BF;
			remoteInfo = BancoDados;
		};
/* End PBXContainerItemProxy section */

/* Begin PBXFileReference section */
		6A1A4F0C161DB917008D69BF /* BancoDados.app */ = {isa = PBXFileReference; explicitFileType = wrapper.application; includeInIndex = 0; path = BancoDados.app; sourceTree = BUILT_PRODUCTS_DIR; };
		6A1A4F10161DB917008D69BF /* UIKit.framework */ = {isa = PBXFileReference; lastKnownFileType = wrapper.framework; name = UIKit.framework; path = System/Library/Frameworks/UIKit.framework; sourceTree = SDKROOT; };
		6A1A4F12161DB918008D69BF /* Foundation.framework */ = {isa = PBXFileReference; lastKnownFileType = wrapper.framework; name = Foundation.framework; path = System/Library/Frameworks/Foundation.framework; sourceTree = SDKROOT; };
		6A1A4F14161DB918008D69BF /* CoreGraphics.framework */ = {isa = PBXFileReference; lastKnownFileType = wrapper.framework; name = CoreGraphics.framework; path = System/Library/Frameworks/CoreGraphics.framework; sourceTree = SDKROOT; };
		6A1A4F18161DB918008D69BF /* BancoDados-Info.plist */ = {isa = PBXFileReference; lastKnownFileType = text.plist.xml; path = "BancoDados-Info.plist"; sourceTree = "<group>"; };
		6A1A4F1A161DB918008D69BF /* en */ = {isa = PBXFileReference; lastKnownFileType = text.plist.strings; name = en; path = en.lproj/InfoPlist.strings; sourceTree = "<group>"; };
		6A1A4F1C161DB918008D69BF /* main.m */ = {isa = PBXFileReference; lastKnownFileType = sourcecode.c.objc; path = main.m; sourceTree = "<group>"; };
		6A1A4F1E161DB918008D69BF /* BancoDados-Prefix.pch */ = {isa = PBXFileReference; lastKnownFileType = sourcecode.c.h; path = "BancoDados-Prefix.pch"; sourceTree = "<group>"; };
		6A1A4F1F161DB918008D69BF /* AppDelegate.h */ = {isa = PBXFileReference; lastKnownFileType = sourcecode.c.h; path = AppDelegate.h; sourceTree = "<group>"; };
		6A1A4F20161DB918008D69BF /* AppDelegate.m */ = {isa = PBXFileReference; lastKnownFileType = sourcecode.c.objc; path = AppDelegate.m; sourceTree = "<group>"; };
		6A1A4F23161DB918008D69BF /* en */ = {isa = PBXFileReference; lastKnownFileType = file.storyboard; name = en; path = en.lproj/MainStoryboard.storyboard; sourceTree = "<group>"; };
		6A1A4F25161DB918008D69BF /* ViewController.h */ = {isa = PBXFileReference; lastKnownFileType = sourcecode.c.h; path = ViewController.h; sourceTree = "<group>"; };
		6A1A4F26161DB918008D69BF /* ViewController.m */ = {isa = PBXFileReference; lastKnownFileType = sourcecode.c.objc; path = ViewController.m; sourceTree = "<group>"; };
		6A1A4F2D161DB918008D69BF /* BancoDadosTests.octest */ = {isa = PBXFileReference; explicitFileType = wrapper.cfbundle; includeInIndex = 0; path = BancoDadosTests.octest; sourceTree = BUILT_PRODUCTS_DIR; };
		6A1A4F2E161DB918008D69BF /* SenTestingKit.framework */ = {isa = PBXFileReference; lastKnownFileType = wrapper.framework; name = SenTestingKit.framework; path = Library/Frameworks/SenTestingKit.framework; sourceTree = DEVELOPER_DIR; };
		6A1A4F36161DB918008D69BF /* BancoDadosTests-Info.plist */ = {isa = PBXFileReference; lastKnownFileType = text.plist.xml; path = "BancoDadosTests-Info.plist"; sourceTree = "<group>"; };
		6A1A4F38161DB918008D69BF /* en */ = {isa = PBXFileReference; lastKnownFileType = text.plist.strings; name = en; path = en.lproj/InfoPlist.strings; sourceTree = "<group>"; };
		6A1A4F3A161DB918008D69BF /* BancoDadosTests.h */ = {isa = PBXFileReference; lastKnownFileType = sourcecode.c.h; path = BancoDadosTests.h; sourceTree = "<group>"; };
		6A1A4F3B161DB918008D69BF /* BancoDadosTests.m */ = {isa = PBXFileReference; lastKnownFileType = sourcecode.c.objc; path = BancoDadosTests.m; sourceTree = "<group>"; };
		6A1A4F45161DB94D008D69BF /* DatabaseHandler.h */ = {isa = PBXFileReference; fileEncoding = 4; lastKnownFileType = sourcecode.c.h; path = DatabaseHandler.h; sourceTree = "<group>"; };
		6A1A4F46161DB94D008D69BF /* DatabaseHandler.m */ = {isa = PBXFileReference; fileEncoding = 4; lastKnownFileType = sourcecode.c.objc; path = DatabaseHandler.m; sourceTree = "<group>"; };
		6A1A4F47161DB94D008D69BF /* start */ = {isa = PBXFileReference; fileEncoding = 4; lastKnownFileType = text; path = start; sourceTree = "<group>"; };
		6A1A4F4A161DBB5D008D69BF /* libsqlite3.dylib */ = {isa = PBXFileReference; lastKnownFileType = "compiled.mach-o.dylib"; name = libsqlite3.dylib; path = usr/lib/libsqlite3.dylib; sourceTree = SDKROOT; };
/* End PBXFileReference section */

/* Begin PBXFrameworksBuildPhase section */
		6A1A4F09161DB917008D69BF /* Frameworks */ = {
			isa = PBXFrameworksBuildPhase;
			buildActionMask = 2147483647;
			files = (
				6A1A4F4B161DBB5D008D69BF /* libsqlite3.dylib in Frameworks */,
				6A1A4F11161DB918008D69BF /* UIKit.framework in Frameworks */,
				6A1A4F13161DB918008D69BF /* Foundation.framework in Frameworks */,
				6A1A4F15161DB918008D69BF /* CoreGraphics.framework in Frameworks */,
			);
			runOnlyForDeploymentPostprocessing = 0;
		};
		6A1A4F29161DB918008D69BF /* Frameworks */ = {
			isa = PBXFrameworksBuildPhase;
			buildActionMask = 2147483647;
			files = (
				6A1A4F2F161DB918008D69BF /* SenTestingKit.framework in Frameworks */,
				6A1A4F30161DB918008D69BF /* UIKit.framework in Frameworks */,
				6A1A4F31161DB918008D69BF /* Foundation.framework in Frameworks */,
			);
			runOnlyForDeploymentPostprocessing = 0;
		};
/* End PBXFrameworksBuildPhase section */

/* Begin PBXGroup section */
		6A1A4F01161DB917008D69BF = {
			isa = PBXGroup;
			children = (
				6A1A4F4A161DBB5D008D69BF /* libsqlite3.dylib */,
				6A1A4F45161DB94D008D69BF /* DatabaseHandler.h */,
				6A1A4F46161DB94D008D69BF /* DatabaseHandler.m */,
				6A1A4F47161DB94D008D69BF /* start */,
				6A1A4F16161DB918008D69BF /* BancoDados */,
				6A1A4F34161DB918008D69BF /* BancoDadosTests */,
				6A1A4F0F161DB917008D69BF /* Frameworks */,
				6A1A4F0D161DB917008D69BF /* Products */,
			);
			sourceTree = "<group>";
		};
		6A1A4F0D161DB917008D69BF /* Products */ = {
			isa = PBXGroup;
			children = (
				6A1A4F0C161DB917008D69BF /* BancoDados.app */,
				6A1A4F2D161DB918008D69BF /* BancoDadosTests.octest */,
			);
			name = Products;
			sourceTree = "<group>";
		};
		6A1A4F0F161DB917008D69BF /* Frameworks */ = {
			isa = PBXGroup;
			children = (
				6A1A4F10161DB917008D69BF /* UIKit.framework */,
				6A1A4F12161DB918008D69BF /* Foundation.framework */,
				6A1A4F14161DB918008D69BF /* CoreGraphics.framework */,
				6A1A4F2E161DB918008D69BF /* SenTestingKit.framework */,
			);
			name = Frameworks;
			sourceTree = "<group>";
		};
		6A1A4F16161DB918008D69BF /* BancoDados */ = {
			isa = PBXGroup;
			children = (
				6A1A4F1F161DB918008D69BF /* AppDelegate.h */,
				6A1A4F20161DB918008D69BF /* AppDelegate.m */,
				6A1A4F22161DB918008D69BF /* MainStoryboard.storyboard */,
				6A1A4F25161DB918008D69BF /* ViewController.h */,
				6A1A4F26161DB918008D69BF /* ViewController.m */,
				6A1A4F17161DB918008D69BF /* Supporting Files */,
			);
			path = BancoDados;
			sourceTree = "<group>";
		};
		6A1A4F17161DB918008D69BF /* Supporting Files */ = {
			isa = PBXGroup;
			children = (
				6A1A4F18161DB918008D69BF /* BancoDados-Info.plist */,
				6A1A4F19161DB918008D69BF /* InfoPlist.strings */,
				6A1A4F1C161DB918008D69BF /* main.m */,
				6A1A4F1E161DB918008D69BF /* BancoDados-Prefix.pch */,
			);
			name = "Supporting Files";
			sourceTree = "<group>";
		};
		6A1A4F34161DB918008D69BF /* BancoDadosTests */ = {
			isa = PBXGroup;
			children = (
				6A1A4F3A161DB918008D69BF /* BancoDadosTests.h */,
				6A1A4F3B161DB918008D69BF /* BancoDadosTests.m */,
				6A1A4F35161DB918008D69BF /* Supporting Files */,
			);
			path = BancoDadosTests;
			sourceTree = "<group>";
		};
		6A1A4F35161DB918008D69BF /* Supporting Files */ = {
			isa = PBXGroup;
			children = (
				6A1A4F36161DB918008D69BF /* BancoDadosTests-Info.plist */,
				6A1A4F37161DB918008D69BF /* InfoPlist.strings */,
			);
			name = "Supporting Files";
			sourceTree = "<group>";
		};
/* End PBXGroup section */

/* Begin PBXNativeTarget section */
		6A1A4F0B161DB917008D69BF /* BancoDados */ = {
			isa = PBXNativeTarget;
			buildConfigurationList = 6A1A4F3F161DB918008D69BF /* Build configuration list for PBXNativeTarget "BancoDados" */;
			buildPhases = (
				6A1A4F08161DB917008D69BF /* Sources */,
				6A1A4F09161DB917008D69BF /* Frameworks */,
				6A1A4F0A161DB917008D69BF /* Resources */,
			);
			buildRules = (
			);
			dependencies = (
			);
			name = BancoDados;
			productName = BancoDados;
			productReference = 6A1A4F0C161DB917008D69BF /* BancoDados.app */;
			productType = "com.apple.product-type.application";
		};
		6A1A4F2C161DB918008D69BF /* BancoDadosTests */ = {
			isa = PBXNativeTarget;
			buildConfigurationList = 6A1A4F42161DB918008D69BF /* Build configuration list for PBXNativeTarget "BancoDadosTests" */;
			buildPhases = (
				6A1A4F28161DB918008D69BF /* Sources */,
				6A1A4F29161DB918008D69BF /* Frameworks */,
				6A1A4F2A161DB918008D69BF /* Resources */,
				6A1A4F2B161DB918008D69BF /* ShellScript */,
			);
			buildRules = (
			);
			dependencies = (
				6A1A4F33161DB918008D69BF /* PBXTargetDependency */,
			);
			name = BancoDadosTests;
			productName = BancoDadosTests;
			productReference = 6A1A4F2D161DB918008D69BF /* BancoDadosTests.octest */;
			productType = "com.apple.product-type.bundle";
		};
/* End PBXNativeTarget section */

/* Begin PBXProject section */
		6A1A4F03161DB917008D69BF /* Project object */ = {
			isa = PBXProject;
			attributes = {
				LastUpgradeCheck = 0440;
				ORGANIZATIONNAME = rafapaulino.com;
			};
			buildConfigurationList = 6A1A4F06161DB917008D69BF /* Build configuration list for PBXProject "BancoDados" */;
			compatibilityVersion = "Xcode 3.2";
			developmentRegion = English;
			hasScannedForEncodings = 0;
			knownRegions = (
				en,
			);
			mainGroup = 6A1A4F01161DB917008D69BF;
			productRefGroup = 6A1A4F0D161DB917008D69BF /* Products */;
			projectDirPath = "";
			projectRoot = "";
			targets = (
				6A1A4F0B161DB917008D69BF /* BancoDados */,
				6A1A4F2C161DB918008D69BF /* BancoDadosTests */,
			);
		};
/* End PBXProject section */

/* Begin PBXResourcesBuildPhase section */
		6A1A4F0A161DB917008D69BF /* Resources */ = {
			isa = PBXResourcesBuildPhase;
			buildActionMask = 2147483647;
			files = (
				6A1A4F1B161DB918008D69BF /* InfoPlist.strings in Resources */,
				6A1A4F24161DB918008D69BF /* MainStoryboard.storyboard in Resources */,
				6A1A4F49161DB94D008D69BF /* start in Resources */,
			);
			runOnlyForDeploymentPostprocessing = 0;
		};
		6A1A4F2A161DB918008D69BF /* Resources */ = {
			isa = PBXResourcesBuildPhase;
			buildActionMask = 2147483647;
			files = (
				6A1A4F39161DB918008D69BF /* InfoPlist.strings in Resources */,
			);
			runOnlyForDeploymentPostprocessing = 0;
		};
/* End PBXResourcesBuildPhase section */

/* Begin PBXShellScriptBuildPhase section */
		6A1A4F2B161DB918008D69BF /* ShellScript */ = {
			isa = PBXShellScriptBuildPhase;
			buildActionMask = 2147483647;
			files = (
			);
			inputPaths = (
			);
			outputPaths = (
			);
			runOnlyForDeploymentPostprocessing = 0;
			shellPath = /bin/sh;
			shellScript = "# Run the unit tests in this test bundle.\n\"${SYSTEM_DEVELOPER_DIR}/Tools/RunUnitTests\"\n";
		};
/* End PBXShellScriptBuildPhase section */

/* Begin PBXSourcesBuildPhase section */
		6A1A4F08161DB917008D69BF /* Sources */ = {
			isa = PBXSourcesBuildPhase;
			buildActionMask = 2147483647;
			files = (
				6A1A4F1D161DB918008D69BF /* main.m in Sources */,
				6A1A4F21161DB918008D69BF /* AppDelegate.m in Sources */,
				6A1A4F27161DB918008D69BF /* ViewController.m in Sources */,
				6A1A4F48161DB94D008D69BF /* DatabaseHandler.m in Sources */,
			);
			runOnlyForDeploymentPostprocessing = 0;
		};
		6A1A4F28161DB918008D69BF /* Sources */ = {
			isa = PBXSourcesBuildPhase;
			buildActionMask = 2147483647;
			files = (
				6A1A4F3C161DB918008D69BF /* BancoDadosTests.m in Sources */,
			);
			runOnlyForDeploymentPostprocessing = 0;
		};
/* End PBXSourcesBuildPhase section */

/* Begin PBXTargetDependency section */
		6A1A4F33161DB918008D69BF /* PBXTargetDependency */ = {
			isa = PBXTargetDependency;
			target = 6A1A4F0B161DB917008D69BF /* BancoDados */;
			targetProxy = 6A1A4F32161DB918008D69BF /* PBXContainerItemProxy */;
		};
/* End PBXTargetDependency section */

/* Begin PBXVariantGroup section */
		6A1A4F19161DB918008D69BF /* InfoPlist.strings */ = {
			isa = PBXVariantGroup;
			children = (
				6A1A4F1A161DB918008D69BF /* en */,
			);
			name = InfoPlist.strings;
			sourceTree = "<group>";
		};
		6A1A4F22161DB918008D69BF /* MainStoryboard.storyboard */ = {
			isa = PBXVariantGroup;
			children = (
				6A1A4F23161DB918008D69BF /* en */,
			);
			name = MainStoryboard.storyboard;
			sourceTree = "<group>";
		};
		6A1A4F37161DB918008D69BF /* InfoPlist.strings */ = {
			isa = PBXVariantGroup;
			children = (
				6A1A4F38161DB918008D69BF /* en */,
			);
			name = InfoPlist.strings;
			sourceTree = "<group>";
		};
/* End PBXVariantGroup section */

/* Begin XCBuildConfiguration section */
		6A1A4F3D161DB918008D69BF /* Debug */ = {
			isa = XCBuildConfiguration;
			buildSettings = {
				ALWAYS_SEARCH_USER_PATHS = NO;
				ARCHS = "$(ARCHS_STANDARD_32_BIT)";
				CLANG_CXX_LANGUAGE_STANDARD = "gnu++0x";
				CLANG_ENABLE_OBJC_ARC = YES;
				CLANG_WARN__DUPLICATE_METHOD_MATCH = YES;
				"CODE_SIGN_IDENTITY[sdk=iphoneos*]" = "iPhone Developer";
				COPY_PHASE_STRIP = NO;
				GCC_C_LANGUAGE_STANDARD = gnu99;
				GCC_DYNAMIC_NO_PIC = NO;
				GCC_OPTIMIZATION_LEVEL = 0;
				GCC_PREPROCESSOR_DEFINITIONS = (
					"DEBUG=1",
					"$(inherited)",
				);
				GCC_SYMBOLS_PRIVATE_EXTERN = NO;
				GCC_VERSION = com.apple.compilers.llvm.clang.1_0;
				GCC_WARN_ABOUT_RETURN_TYPE = YES;
				GCC_WARN_UNINITIALIZED_AUTOS = YES;
				GCC_WARN_UNUSED_VARIABLE = YES;
				IPHONEOS_DEPLOYMENT_TARGET = 5.1;
				SDKROOT = iphoneos;
			};
			name = Debug;
		};
		6A1A4F3E161DB918008D69BF /* Release */ = {
			isa = XCBuildConfiguration;
			buildSettings = {
				ALWAYS_SEARCH_USER_PATHS = NO;
				ARCHS = "$(ARCHS_STANDARD_32_BIT)";
				CLANG_CXX_LANGUAGE_STANDARD = "gnu++0x";
				CLANG_ENABLE_OBJC_ARC = YES;
				CLANG_WARN__DUPLICATE_METHOD_MATCH = YES;
				"CODE_SIGN_IDENTITY[sdk=iphoneos*]" = "iPhone Developer";
				COPY_PHASE_STRIP = YES;
				GCC_C_LANGUAGE_STANDARD = gnu99;
				GCC_VERSION = com.apple.compilers.llvm.clang.1_0;
				GCC_WARN_ABOUT_RETURN_TYPE = YES;
				GCC_WARN_UNINITIALIZED_AUTOS = YES;
				GCC_WARN_UNUSED_VARIABLE = YES;
				IPHONEOS_DEPLOYMENT_TARGET = 5.1;
				OTHER_CFLAGS = "-DNS_BLOCK_ASSERTIONS=1";
				SDKROOT = iphoneos;
				VALIDATE_PRODUCT = YES;
			};
			name = Release;
		};
		6A1A4F40161DB918008D69BF /* Debug */ = {
			isa = XCBuildConfiguration;
			buildSettings = {
				GCC_PRECOMPILE_PREFIX_HEADER = YES;
				GCC_PREFIX_HEADER = "BancoDados/BancoDados-Prefix.pch";
				INFOPLIST_FILE = "BancoDados/BancoDados-Info.plist";
				PRODUCT_NAME = "$(TARGET_NAME)";
				WRAPPER_EXTENSION = app;
			};
			name = Debug;
		};
		6A1A4F41161DB918008D69BF /* Release */ = {
			isa = XCBuildConfiguration;
			buildSettings = {
				GCC_PRECOMPILE_PREFIX_HEADER = YES;
				GCC_PREFIX_HEADER = "BancoDados/BancoDados-Prefix.pch";
				INFOPLIST_FILE = "BancoDados/BancoDados-Info.plist";
				PRODUCT_NAME = "$(TARGET_NAME)";
				WRAPPER_EXTENSION = app;
			};
			name = Release;
		};
		6A1A4F43161DB918008D69BF /* Debug */ = {
			isa = XCBuildConfiguration;
			buildSettings = {
				BUNDLE_LOADER = "$(BUILT_PRODUCTS_DIR)/BancoDados.app/BancoDados";
				FRAMEWORK_SEARCH_PATHS = (
					"\"$(SDKROOT)/Developer/Library/Frameworks\"",
					"\"$(DEVELOPER_LIBRARY_DIR)/Frameworks\"",
				);
				GCC_PRECOMPILE_PREFIX_HEADER = YES;
				GCC_PREFIX_HEADER = "BancoDados/BancoDados-Prefix.pch";
				INFOPLIST_FILE = "BancoDadosTests/BancoDadosTests-Info.plist";
				PRODUCT_NAME = "$(TARGET_NAME)";
				TEST_HOST = "$(BUNDLE_LOADER)";
				WRAPPER_EXTENSION = octest;
			};
			name = Debug;
		};
		6A1A4F44161DB918008D69BF /* Release */ = {
			isa = XCBuildConfiguration;
			buildSettings = {
				BUNDLE_LOADER = "$(BUILT_PRODUCTS_DIR)/BancoDados.app/BancoDados";
				FRAMEWORK_SEARCH_PATHS = (
					"\"$(SDKROOT)/Developer/Library/Frameworks\"",
					"\"$(DEVELOPER_LIBRARY_DIR)/Frameworks\"",
				);
				GCC_PRECOMPILE_PREFIX_HEADER = YES;
				GCC_PREFIX_HEADER = "BancoDados/BancoDados-Prefix.pch";
				INFOPLIST_FILE = "BancoDadosTests/BancoDadosTests-Info.plist";
				PRODUCT_NAME = "$(TARGET_NAME)";
				TEST_HOST = "$(BUNDLE_LOADER)";
				WRAPPER_EXTENSION = octest;
			};
			name = Release;
		};
/* End XCBuildConfiguration section */

/* Begin XCConfigurationList section */
		6A1A4F06161DB917008D69BF /* Build configuration list for PBXProject "BancoDados" */ = {
			isa = XCConfigurationList;
			buildConfigurations = (
				6A1A4F3D161DB918008D69BF /* Debug */,
				6A1A4F3E161DB918008D69BF /* Release */,
			);
			defaultConfigurationIsVisible = 0;
			defaultConfigurationName = Release;
		};
		6A1A4F3F161DB918008D69BF /* Build configuration list for PBXNativeTarget "BancoDados" */ = {
			isa = XCConfigurationList;
			buildConfigurations = (
				6A1A4F40161DB918008D69BF /* Debug */,
				6A1A4F41161DB918008D69BF /* Release */,
			);
			defaultConfigurationIsVisible = 0;
		};
		6A1A4F42161DB918008D69BF /* Build configuration list for PBXNativeTarget "BancoDadosTests" */ = {
			isa = XCConfigurationList;
			buildConfigurations = (
				6A1A4F43161DB918008D69BF /* Debug */,
				6A1A4F44161DB918008D69BF /* Release */,
			);
			defaultConfigurationIsVisible = 0;
		};
/* End XCConfigurationList section */
	};
	rootObject = 6A1A4F03161DB917008D69BF /* Project object */;
}
